
Microsoft Visual Studio Solution File, Format Version 12.00
# Visual Studio Version 16
VisualStudioVersion = 16.0.31019.35
MinimumVisualStudioVersion = 10.0.40219.1
Project("{FAE04EC0-301F-11D3-BF4B-00C04F79EFBC}") = "StudentPractice1", "StudentPractice1\StudentPractice1.csproj", "{E1B3C73A-88BC-47C6-9319-B6B70CD93C29}"
EndProject
Global
	GlobalSection(SolutionConfigurationPlatforms) = preSolution
		Debug|Any CPU = Debug|Any CPU
		Release|Any CPU = Release|Any CPU
	EndGlobalSection
	GlobalSection(ProjectConfigurationPlatforms) = postSolution
		{E1B3C73A-88BC-47C6-9319-B6B70CD93C29}.Debug|Any CPU.ActiveCfg = Debug|Any CPU
		{E1B3C73A-88BC-47C6-9319-B6B70CD93C29}.Debug|Any CPU.Build.0 = Debug|Any CPU
		{E1B3C73A-88BC-47C6-9319-B6B70CD93C29}.Release|Any CPU.ActiveCfg = Release|Any CPU
		{E1B3C73A-88BC-47C6-9319-B6B70CD93C29}.Release|Any CPU.Build.0 = Release|Any CPU
	EndGlobalSection
	GlobalSection(SolutionProperties) = preSolution
		HideSolutionNode = FALSE
	EndGlobalSection
	GlobalSection(ExtensibilityGlobals) = postSolution
		SolutionGuid = {C75751FF-2710-4502-8C17-3A1994A6A3EE}
	EndGlobalSection
EndGlobal
