
Microsoft Visual Studio Solution File, Format Version 12.00
# Visual Studio Version 16
VisualStudioVersion = 16.0.31019.35
MinimumVisualStudioVersion = 10.0.40219.1
Project("{FAE04EC0-301F-11D3-BF4B-00C04F79EFBC}") = "Game_02", "Game_02\Game_02.csproj", "{C52584BC-97C2-4702-BAA4-085C65253476}"
EndProject
Global
	GlobalSection(SolutionConfigurationPlatforms) = preSolution
		Debug|Any CPU = Debug|Any CPU
		Release|Any CPU = Release|Any CPU
	EndGlobalSection
	GlobalSection(ProjectConfigurationPlatforms) = postSolution
		{C52584BC-97C2-4702-BAA4-085C65253476}.Debug|Any CPU.ActiveCfg = Debug|Any CPU
		{C52584BC-97C2-4702-BAA4-085C65253476}.Debug|Any CPU.Build.0 = Debug|Any CPU
		{C52584BC-97C2-4702-BAA4-085C65253476}.Release|Any CPU.ActiveCfg = Release|Any CPU
		{C52584BC-97C2-4702-BAA4-085C65253476}.Release|Any CPU.Build.0 = Release|Any CPU
	EndGlobalSection
	GlobalSection(SolutionProperties) = preSolution
		HideSolutionNode = FALSE
	EndGlobalSection
	GlobalSection(ExtensibilityGlobals) = postSolution
		SolutionGuid = {FA777745-6B2A-430C-8942-9D34C9BAC5FE}
	EndGlobalSection
EndGlobal
