
Microsoft Visual Studio Solution File, Format Version 12.00
# Visual Studio Version 16
VisualStudioVersion = 16.0.31019.35
MinimumVisualStudioVersion = 10.0.40219.1
Project("{FAE04EC0-301F-11D3-BF4B-00C04F79EFBC}") = "Function02", "Function02\Function02.csproj", "{B7A1C03D-AC5F-44AB-9BCE-0B604B40FA0C}"
EndProject
Global
	GlobalSection(SolutionConfigurationPlatforms) = preSolution
		Debug|Any CPU = Debug|Any CPU
		Release|Any CPU = Release|Any CPU
	EndGlobalSection
	GlobalSection(ProjectConfigurationPlatforms) = postSolution
		{B7A1C03D-AC5F-44AB-9BCE-0B604B40FA0C}.Debug|Any CPU.ActiveCfg = Debug|Any CPU
		{B7A1C03D-AC5F-44AB-9BCE-0B604B40FA0C}.Debug|Any CPU.Build.0 = Debug|Any CPU
		{B7A1C03D-AC5F-44AB-9BCE-0B604B40FA0C}.Release|Any CPU.ActiveCfg = Release|Any CPU
		{B7A1C03D-AC5F-44AB-9BCE-0B604B40FA0C}.Release|Any CPU.Build.0 = Release|Any CPU
	EndGlobalSection
	GlobalSection(SolutionProperties) = preSolution
		HideSolutionNode = FALSE
	EndGlobalSection
	GlobalSection(ExtensibilityGlobals) = postSolution
		SolutionGuid = {BA5C03C0-4493-47E9-B0C2-925BFC913AEC}
	EndGlobalSection
EndGlobal
