
Microsoft Visual Studio Solution File, Format Version 12.00
# Visual Studio Version 16
VisualStudioVersion = 16.0.30204.135
MinimumVisualStudioVersion = 10.0.40219.1
Project("{FAE04EC0-301F-11D3-BF4B-00C04F79EFBC}") = "OddEvenByForm", "OddEvenByForm\OddEvenByForm.csproj", "{4AE47718-1AF9-4727-AC75-5BB6F1E268CD}"
EndProject
Global
	GlobalSection(SolutionConfigurationPlatforms) = preSolution
		Debug|Any CPU = Debug|Any CPU
		Release|Any CPU = Release|Any CPU
	EndGlobalSection
	GlobalSection(ProjectConfigurationPlatforms) = postSolution
		{4AE47718-1AF9-4727-AC75-5BB6F1E268CD}.Debug|Any CPU.ActiveCfg = Debug|Any CPU
		{4AE47718-1AF9-4727-AC75-5BB6F1E268CD}.Debug|Any CPU.Build.0 = Debug|Any CPU
		{4AE47718-1AF9-4727-AC75-5BB6F1E268CD}.Release|Any CPU.ActiveCfg = Release|Any CPU
		{4AE47718-1AF9-4727-AC75-5BB6F1E268CD}.Release|Any CPU.Build.0 = Release|Any CPU
	EndGlobalSection
	GlobalSection(SolutionProperties) = preSolution
		HideSolutionNode = FALSE
	EndGlobalSection
	GlobalSection(ExtensibilityGlobals) = postSolution
		SolutionGuid = {FF4CE489-324C-4649-B496-5533B7B15E32}
	EndGlobalSection
EndGlobal
