
Microsoft Visual Studio Solution File, Format Version 12.00
# Visual Studio 15
VisualStudioVersion = 15.0.28307.1231
MinimumVisualStudioVersion = 10.0.40219.1
Project("{FAE04EC0-301F-11D3-BF4B-00C04F79EFBC}") = "ArrayList", "ArrayList\ArrayList.csproj", "{38D93E62-5A16-44C2-8AF8-376767DA1A49}"
EndProject
Global
	GlobalSection(SolutionConfigurationPlatforms) = preSolution
		Debug|Any CPU = Debug|Any CPU
		Release|Any CPU = Release|Any CPU
	EndGlobalSection
	GlobalSection(ProjectConfigurationPlatforms) = postSolution
		{38D93E62-5A16-44C2-8AF8-376767DA1A49}.Debug|Any CPU.ActiveCfg = Debug|Any CPU
		{38D93E62-5A16-44C2-8AF8-376767DA1A49}.Debug|Any CPU.Build.0 = Debug|Any CPU
		{38D93E62-5A16-44C2-8AF8-376767DA1A49}.Release|Any CPU.ActiveCfg = Release|Any CPU
		{38D93E62-5A16-44C2-8AF8-376767DA1A49}.Release|Any CPU.Build.0 = Release|Any CPU
	EndGlobalSection
	GlobalSection(SolutionProperties) = preSolution
		HideSolutionNode = FALSE
	EndGlobalSection
	GlobalSection(ExtensibilityGlobals) = postSolution
		SolutionGuid = {0E075C73-6079-427E-A4C9-C0563E2A6C14}
	EndGlobalSection
EndGlobal
