
Microsoft Visual Studio Solution File, Format Version 12.00
# Visual Studio Version 16
VisualStudioVersion = 16.0.31019.35
MinimumVisualStudioVersion = 10.0.40219.1
Project("{FAE04EC0-301F-11D3-BF4B-00C04F79EFBC}") = "addFriendAndSortAlphabetic", "addFriendAndSortAlphabetic\addFriendAndSortAlphabetic.csproj", "{C2FF8749-1C3A-4317-9F48-BF296BCB40C0}"
EndProject
Global
	GlobalSection(SolutionConfigurationPlatforms) = preSolution
		Debug|Any CPU = Debug|Any CPU
		Release|Any CPU = Release|Any CPU
	EndGlobalSection
	GlobalSection(ProjectConfigurationPlatforms) = postSolution
		{C2FF8749-1C3A-4317-9F48-BF296BCB40C0}.Debug|Any CPU.ActiveCfg = Debug|Any CPU
		{C2FF8749-1C3A-4317-9F48-BF296BCB40C0}.Debug|Any CPU.Build.0 = Debug|Any CPU
		{C2FF8749-1C3A-4317-9F48-BF296BCB40C0}.Release|Any CPU.ActiveCfg = Release|Any CPU
		{C2FF8749-1C3A-4317-9F48-BF296BCB40C0}.Release|Any CPU.Build.0 = Release|Any CPU
	EndGlobalSection
	GlobalSection(SolutionProperties) = preSolution
		HideSolutionNode = FALSE
	EndGlobalSection
	GlobalSection(ExtensibilityGlobals) = postSolution
		SolutionGuid = {63C3542F-5677-4557-9797-C622FE57689B}
	EndGlobalSection
EndGlobal
