
Microsoft Visual Studio Solution File, Format Version 12.00
# Visual Studio 15
VisualStudioVersion = 15.0.28307.1231
MinimumVisualStudioVersion = 10.0.40219.1
Project("{FAE04EC0-301F-11D3-BF4B-00C04F79EFBC}") = "10StudentDisplay", "10StudentDisplay\10StudentDisplay.csproj", "{DE2197D5-A794-48C0-9D4D-67019BE8A993}"
EndProject
Global
	GlobalSection(SolutionConfigurationPlatforms) = preSolution
		Debug|Any CPU = Debug|Any CPU
		Release|Any CPU = Release|Any CPU
	EndGlobalSection
	GlobalSection(ProjectConfigurationPlatforms) = postSolution
		{DE2197D5-A794-48C0-9D4D-67019BE8A993}.Debug|Any CPU.ActiveCfg = Debug|Any CPU
		{DE2197D5-A794-48C0-9D4D-67019BE8A993}.Debug|Any CPU.Build.0 = Debug|Any CPU
		{DE2197D5-A794-48C0-9D4D-67019BE8A993}.Release|Any CPU.ActiveCfg = Release|Any CPU
		{DE2197D5-A794-48C0-9D4D-67019BE8A993}.Release|Any CPU.Build.0 = Release|Any CPU
	EndGlobalSection
	GlobalSection(SolutionProperties) = preSolution
		HideSolutionNode = FALSE
	EndGlobalSection
	GlobalSection(ExtensibilityGlobals) = postSolution
		SolutionGuid = {06225931-AB5E-4CAF-A8DB-8B926CD4A28A}
	EndGlobalSection
EndGlobal
