
Microsoft Visual Studio Solution File, Format Version 12.00
# Visual Studio Version 16
VisualStudioVersion = 16.0.31321.278
MinimumVisualStudioVersion = 10.0.40219.1
Project("{FAE04EC0-301F-11D3-BF4B-00C04F79EFBC}") = "Polymorphism", "Polymorphism\Polymorphism.csproj", "{A6D3EF79-6CA7-4842-B328-FD53ACB76AEE}"
EndProject
Global
	GlobalSection(SolutionConfigurationPlatforms) = preSolution
		Debug|Any CPU = Debug|Any CPU
		Release|Any CPU = Release|Any CPU
	EndGlobalSection
	GlobalSection(ProjectConfigurationPlatforms) = postSolution
		{A6D3EF79-6CA7-4842-B328-FD53ACB76AEE}.Debug|Any CPU.ActiveCfg = Debug|Any CPU
		{A6D3EF79-6CA7-4842-B328-FD53ACB76AEE}.Debug|Any CPU.Build.0 = Debug|Any CPU
		{A6D3EF79-6CA7-4842-B328-FD53ACB76AEE}.Release|Any CPU.ActiveCfg = Release|Any CPU
		{A6D3EF79-6CA7-4842-B328-FD53ACB76AEE}.Release|Any CPU.Build.0 = Release|Any CPU
	EndGlobalSection
	GlobalSection(SolutionProperties) = preSolution
		HideSolutionNode = FALSE
	EndGlobalSection
	GlobalSection(ExtensibilityGlobals) = postSolution
		SolutionGuid = {603B151F-8D56-4BC7-A9B2-F02DA186DF3B}
	EndGlobalSection
EndGlobal
